
Microsoft Visual Studio Solution File, Format Version 12.00
# Visual Studio Version 16
VisualStudioVersion = 16.0.30907.101
MinimumVisualStudioVersion = 10.0.40219.1
Project("{FAE04EC0-301F-11D3-BF4B-00C04F79EFBC}") = "TourManagement.MVC", "TourManagement.MVC\TourManagement.MVC.csproj", "{08FD5063-86E1-4AF2-86A9-54174C259903}"
EndProject
Project("{FAE04EC0-301F-11D3-BF4B-00C04F79EFBC}") = "TourManagement.Core", "TourManagement.Core\TourManagement.Core.csproj", "{FA8DC1ED-367C-4DC0-8367-701129CC73EB}"
EndProject
Project("{FAE04EC0-301F-11D3-BF4B-00C04F79EFBC}") = "test", "test\test.csproj", "{8FBEBD2A-931A-4DD2-96DB-EE73FEC231EB}"
EndProject
Global
	GlobalSection(SolutionConfigurationPlatforms) = preSolution
		Debug|Any CPU = Debug|Any CPU
		Release|Any CPU = Release|Any CPU
	EndGlobalSection
	GlobalSection(ProjectConfigurationPlatforms) = postSolution
		{08FD5063-86E1-4AF2-86A9-54174C259903}.Debug|Any CPU.ActiveCfg = Debug|Any CPU
		{08FD5063-86E1-4AF2-86A9-54174C259903}.Debug|Any CPU.Build.0 = Debug|Any CPU
		{08FD5063-86E1-4AF2-86A9-54174C259903}.Release|Any CPU.ActiveCfg = Release|Any CPU
		{08FD5063-86E1-4AF2-86A9-54174C259903}.Release|Any CPU.Build.0 = Release|Any CPU
		{FA8DC1ED-367C-4DC0-8367-701129CC73EB}.Debug|Any CPU.ActiveCfg = Debug|Any CPU
		{FA8DC1ED-367C-4DC0-8367-701129CC73EB}.Debug|Any CPU.Build.0 = Debug|Any CPU
		{FA8DC1ED-367C-4DC0-8367-701129CC73EB}.Release|Any CPU.ActiveCfg = Release|Any CPU
		{FA8DC1ED-367C-4DC0-8367-701129CC73EB}.Release|Any CPU.Build.0 = Release|Any CPU
		{8FBEBD2A-931A-4DD2-96DB-EE73FEC231EB}.Debug|Any CPU.ActiveCfg = Debug|Any CPU
		{8FBEBD2A-931A-4DD2-96DB-EE73FEC231EB}.Debug|Any CPU.Build.0 = Debug|Any CPU
		{8FBEBD2A-931A-4DD2-96DB-EE73FEC231EB}.Release|Any CPU.ActiveCfg = Release|Any CPU
		{8FBEBD2A-931A-4DD2-96DB-EE73FEC231EB}.Release|Any CPU.Build.0 = Release|Any CPU
	EndGlobalSection
	GlobalSection(SolutionProperties) = preSolution
		HideSolutionNode = FALSE
	EndGlobalSection
	GlobalSection(ExtensibilityGlobals) = postSolution
		SolutionGuid = {B1699171-EAF3-4948-A7CC-08F0C5F77EA0}
	EndGlobalSection
EndGlobal
